// !$*UTF8*$!
{
	archiveVersion = 1;
	classes = {
	};
	objectVersion = 46;
	objects = {

/* Begin PBXBuildFile section */
		AF1DE3B01AB0F68500452ED0 /* main.m in Sources */ = {isa = PBXBuildFile; fileRef = AF1DE3AF1AB0F68500452ED0 /* main.m */; };
		AF1DE3B31AB0F68500452ED0 /* AppDelegate.m in Sources */ = {isa = PBXBuildFile; fileRef = AF1DE3B21AB0F68500452ED0 /* AppDelegate.m */; };
		AF1DE3B91AB0F68500452ED0 /* Main.storyboard in Resources */ = {isa = PBXBuildFile; fileRef = AF1DE3B71AB0F68500452ED0 /* Main.storyboard */; };
		AF1DE3BB1AB0F68500452ED0 /* Images.xcassets in Resources */ = {isa = PBXBuildFile; fileRef = AF1DE3BA1AB0F68500452ED0 /* Images.xcassets */; };
		AF1DE3BE1AB0F68500452ED0 /* LaunchScreen.xib in Resources */ = {isa = PBXBuildFile; fileRef = AF1DE3BC1AB0F68500452ED0 /* LaunchScreen.xib */; };
		AF1DE3CA1AB0F68500452ED0 /* ToDoListTests.m in Sources */ = {isa = PBXBuildFile; fileRef = AF1DE3C91AB0F68500452ED0 /* ToDoListTests.m */; };
		AFA3BEEC1AB1F02400D55388 /* AddToDoItemViewController.m in Sources */ = {isa = PBXBuildFile; fileRef = AFA3BEEB1AB1F02400D55388 /* AddToDoItemViewController.m */; };
		AFA3BEEF1AB1F36D00D55388 /* ToDoListTableViewController.m in Sources */ = {isa = PBXBuildFile; fileRef = AFA3BEEE1AB1F36D00D55388 /* ToDoListTableViewController.m */; };
		AFA3BEF21AB20E8500D55388 /* ToDoItem.m in Sources */ = {isa = PBXBuildFile; fileRef = AFA3BEF11AB20E8500D55388 /* ToDoItem.m */; };
/* End PBXBuildFile section */

/* Begin PBXContainerItemProxy section */
		AF1DE3C41AB0F68500452ED0 /* PBXContainerItemProxy */ = {
			isa = PBXContainerItemProxy;
			containerPortal = AF1DE3A21AB0F68500452ED0 /* Project object */;
			proxyType = 1;
			remoteGlobalIDString = AF1DE3A91AB0F68500452ED0;
			remoteInfo = ToDoList;
		};
/* End PBXContainerItemProxy section */

/* Begin PBXFileReference section */
		AF1DE3AA1AB0F68500452ED0 /* ToDoList.app */ = {isa = PBXFileReference; explicitFileType = wrapper.application; includeInIndex = 0; path = ToDoList.app; sourceTree = BUILT_PRODUCTS_DIR; };
		AF1DE3AE1AB0F68500452ED0 /* Info.plist */ = {isa = PBXFileReference; lastKnownFileType = text.plist.xml; path = Info.plist; sourceTree = "<group>"; };
		AF1DE3AF1AB0F68500452ED0 /* main.m */ = {isa = PBXFileReference; lastKnownFileType = sourcecode.c.objc; path = main.m; sourceTree = "<group>"; };
		AF1DE3B11AB0F68500452ED0 /* AppDelegate.h */ = {isa = PBXFileReference; lastKnownFileType = sourcecode.c.h; path = AppDelegate.h; sourceTree = "<group>"; };
		AF1DE3B21AB0F68500452ED0 /* AppDelegate.m */ = {isa = PBXFileReference; lastKnownFileType = sourcecode.c.objc; path = AppDelegate.m; sourceTree = "<group>"; };
		AF1DE3B81AB0F68500452ED0 /* Base */ = {isa = PBXFileReference; lastKnownFileType = file.storyboard; name = Base; path = Base.lproj/Main.storyboard; sourceTree = "<group>"; };
		AF1DE3BA1AB0F68500452ED0 /* Images.xcassets */ = {isa = PBXFileReference; lastKnownFileType = folder.assetcatalog; path = Images.xcassets; sourceTree = "<group>"; };
		AF1DE3BD1AB0F68500452ED0 /* Base */ = {isa = PBXFileReference; lastKnownFileType = file.xib; name = Base; path = Base.lproj/LaunchScreen.xib; sourceTree = "<group>"; };
		AF1DE3C31AB0F68500452ED0 /* ToDoListTests.xctest */ = {isa = PBXFileReference; explicitFileType = wrapper.cfbundle; includeInIndex = 0; path = ToDoListTests.xctest; sourceTree = BUILT_PRODUCTS_DIR; };
		AF1DE3C81AB0F68500452ED0 /* Info.plist */ = {isa = PBXFileReference; lastKnownFileType = text.plist.xml; path = Info.plist; sourceTree = "<group>"; };
		AF1DE3C91AB0F68500452ED0 /* ToDoListTests.m */ = {isa = PBXFileReference; lastKnownFileType = sourcecode.c.objc; path = ToDoListTests.m; sourceTree = "<group>"; };
		AFA3BEEA1AB1F02400D55388 /* AddToDoItemViewController.h */ = {isa = PBXFileReference; fileEncoding = 4; lastKnownFileType = sourcecode.c.h; path = AddToDoItemViewController.h; sourceTree = "<group>"; };
		AFA3BEEB1AB1F02400D55388 /* AddToDoItemViewController.m */ = {isa = PBXFileReference; fileEncoding = 4; lastKnownFileType = sourcecode.c.objc; path = AddToDoItemViewController.m; sourceTree = "<group>"; };
		AFA3BEED1AB1F36D00D55388 /* ToDoListTableViewController.h */ = {isa = PBXFileReference; fileEncoding = 4; lastKnownFileType = sourcecode.c.h; path = ToDoListTableViewController.h; sourceTree = "<group>"; };
		AFA3BEEE1AB1F36D00D55388 /* ToDoListTableViewController.m */ = {isa = PBXFileReference; fileEncoding = 4; lastKnownFileType = sourcecode.c.objc; path = ToDoListTableViewController.m; sourceTree = "<group>"; };
		AFA3BEF01AB20E8500D55388 /* ToDoItem.h */ = {isa = PBXFileReference; fileEncoding = 4; lastKnownFileType = sourcecode.c.h; path = ToDoItem.h; sourceTree = "<group>"; };
		AFA3BEF11AB20E8500D55388 /* ToDoItem.m */ = {isa = PBXFileReference; fileEncoding = 4; lastKnownFileType = sourcecode.c.objc; path = ToDoItem.m; sourceTree = "<group>"; };
/* End PBXFileReference section */

/* Begin PBXFrameworksBuildPhase section */
		AF1DE3A71AB0F68500452ED0 /* Frameworks */ = {
			isa = PBXFrameworksBuildPhase;
			buildActionMask = 2147483647;
			files = (
			);
			runOnlyForDeploymentPostprocessing = 0;
		};
		AF1DE3C01AB0F68500452ED0 /* Frameworks */ = {
			isa = PBXFrameworksBuildPhase;
			buildActionMask = 2147483647;
			files = (
			);
			runOnlyForDeploymentPostprocessing = 0;
		};
/* End PBXFrameworksBuildPhase section */

/* Begin PBXGroup section */
		AF1DE3A11AB0F68500452ED0 = {
			isa = PBXGroup;
			children = (
				AF1DE3AC1AB0F68500452ED0 /* ToDoList */,
				AF1DE3C61AB0F68500452ED0 /* ToDoListTests */,
				AF1DE3AB1AB0F68500452ED0 /* Products */,
			);
			sourceTree = "<group>";
		};
		AF1DE3AB1AB0F68500452ED0 /* Products */ = {
			isa = PBXGroup;
			children = (
				AF1DE3AA1AB0F68500452ED0 /* ToDoList.app */,
				AF1DE3C31AB0F68500452ED0 /* ToDoListTests.xctest */,
			);
			name = Products;
			sourceTree = "<group>";
		};
		AF1DE3AC1AB0F68500452ED0 /* ToDoList */ = {
			isa = PBXGroup;
			children = (
				AF1DE3B11AB0F68500452ED0 /* AppDelegate.h */,
				AF1DE3B21AB0F68500452ED0 /* AppDelegate.m */,
				AFA3BEEA1AB1F02400D55388 /* AddToDoItemViewController.h */,
				AFA3BEEB1AB1F02400D55388 /* AddToDoItemViewController.m */,
				AFA3BEED1AB1F36D00D55388 /* ToDoListTableViewController.h */,
				AFA3BEEE1AB1F36D00D55388 /* ToDoListTableViewController.m */,
				AFA3BEF01AB20E8500D55388 /* ToDoItem.h */,
				AFA3BEF11AB20E8500D55388 /* ToDoItem.m */,
				AF1DE3B71AB0F68500452ED0 /* Main.storyboard */,
				AF1DE3BA1AB0F68500452ED0 /* Images.xcassets */,
				AF1DE3BC1AB0F68500452ED0 /* LaunchScreen.xib */,
				AF1DE3AD1AB0F68500452ED0 /* Supporting Files */,
			);
			path = ToDoList;
			sourceTree = "<group>";
		};
		AF1DE3AD1AB0F68500452ED0 /* Supporting Files */ = {
			isa = PBXGroup;
			children = (
				AF1DE3AE1AB0F68500452ED0 /* Info.plist */,
				AF1DE3AF1AB0F68500452ED0 /* main.m */,
			);
			name = "Supporting Files";
			sourceTree = "<group>";
		};
		AF1DE3C61AB0F68500452ED0 /* ToDoListTests */ = {
			isa = PBXGroup;
			children = (
				AF1DE3C91AB0F68500452ED0 /* ToDoListTests.m */,
				AF1DE3C71AB0F68500452ED0 /* Supporting Files */,
			);
			path = ToDoListTests;
			sourceTree = "<group>";
		};
		AF1DE3C71AB0F68500452ED0 /* Supporting Files */ = {
			isa = PBXGroup;
			children = (
				AF1DE3C81AB0F68500452ED0 /* Info.plist */,
			);
			name = "Supporting Files";
			sourceTree = "<group>";
		};
/* End PBXGroup section */

/* Begin PBXNativeTarget section */
		AF1DE3A91AB0F68500452ED0 /* ToDoList */ = {
			isa = PBXNativeTarget;
			buildConfigurationList = AF1DE3CD1AB0F68500452ED0 /* Build configuration list for PBXNativeTarget "ToDoList" */;
			buildPhases = (
				AF1DE3A61AB0F68500452ED0 /* Sources */,
				AF1DE3A71AB0F68500452ED0 /* Frameworks */,
				AF1DE3A81AB0F68500452ED0 /* Resources */,
			);
			buildRules = (
			);
			dependencies = (
			);
			name = ToDoList;
			productName = ToDoList;
			productReference = AF1DE3AA1AB0F68500452ED0 /* ToDoList.app */;
			productType = "com.apple.product-type.application";
		};
		AF1DE3C21AB0F68500452ED0 /* ToDoListTests */ = {
			isa = PBXNativeTarget;
			buildConfigurationList = AF1DE3D01AB0F68500452ED0 /* Build configuration list for PBXNativeTarget "ToDoListTests" */;
			buildPhases = (
				AF1DE3BF1AB0F68500452ED0 /* Sources */,
				AF1DE3C01AB0F68500452ED0 /* Frameworks */,
				AF1DE3C11AB0F68500452ED0 /* Resources */,
			);
			buildRules = (
			);
			dependencies = (
				AF1DE3C51AB0F68500452ED0 /* PBXTargetDependency */,
			);
			name = ToDoListTests;
			productName = ToDoListTests;
			productReference = AF1DE3C31AB0F68500452ED0 /* ToDoListTests.xctest */;
			productType = "com.apple.product-type.bundle.unit-test";
		};
/* End PBXNativeTarget section */

/* Begin PBXProject section */
		AF1DE3A21AB0F68500452ED0 /* Project object */ = {
			isa = PBXProject;
			attributes = {
				LastUpgradeCheck = 0620;
				ORGANIZATIONNAME = "Mario Abruzzi";
				TargetAttributes = {
					AF1DE3A91AB0F68500452ED0 = {
						CreatedOnToolsVersion = 6.2;
					};
					AF1DE3C21AB0F68500452ED0 = {
						CreatedOnToolsVersion = 6.2;
						TestTargetID = AF1DE3A91AB0F68500452ED0;
					};
				};
			};
			buildConfigurationList = AF1DE3A51AB0F68500452ED0 /* Build configuration list for PBXProject "ToDoList" */;
			compatibilityVersion = "Xcode 3.2";
			developmentRegion = English;
			hasScannedForEncodings = 0;
			knownRegions = (
				en,
				Base,
			);
			mainGroup = AF1DE3A11AB0F68500452ED0;
			productRefGroup = AF1DE3AB1AB0F68500452ED0 /* Products */;
			projectDirPath = "";
			projectRoot = "";
			targets = (
				AF1DE3A91AB0F68500452ED0 /* ToDoList */,
				AF1DE3C21AB0F68500452ED0 /* ToDoListTests */,
			);
		};
/* End PBXProject section */

/* Begin PBXResourcesBuildPhase section */
		AF1DE3A81AB0F68500452ED0 /* Resources */ = {
			isa = PBXResourcesBuildPhase;
			buildActionMask = 2147483647;
			files = (
				AF1DE3B91AB0F68500452ED0 /* Main.storyboard in Resources */,
				AF1DE3BE1AB0F68500452ED0 /* LaunchScreen.xib in Resources */,
				AF1DE3BB1AB0F68500452ED0 /* Images.xcassets in Resources */,
			);
			runOnlyForDeploymentPostprocessing = 0;
		};
		AF1DE3C11AB0F68500452ED0 /* Resources */ = {
			isa = PBXResourcesBuildPhase;
			buildActionMask = 2147483647;
			files = (
			);
			runOnlyForDeploymentPostprocessing = 0;
		};
/* End PBXResourcesBuildPhase section */

/* Begin PBXSourcesBuildPhase section */
		AF1DE3A61AB0F68500452ED0 /* Sources */ = {
			isa = PBXSourcesBuildPhase;
			buildActionMask = 2147483647;
			files = (
				AF1DE3B31AB0F68500452ED0 /* AppDelegate.m in Sources */,
				AFA3BEF21AB20E8500D55388 /* ToDoItem.m in Sources */,
				AFA3BEEF1AB1F36D00D55388 /* ToDoListTableViewController.m in Sources */,
				AF1DE3B01AB0F68500452ED0 /* main.m in Sources */,
				AFA3BEEC1AB1F02400D55388 /* AddToDoItemViewController.m in Sources */,
			);
			runOnlyForDeploymentPostprocessing = 0;
		};
		AF1DE3BF1AB0F68500452ED0 /* Sources */ = {
			isa = PBXSourcesBuildPhase;
			buildActionMask = 2147483647;
			files = (
				AF1DE3CA1AB0F68500452ED0 /* ToDoListTests.m in Sources */,
			);
			runOnlyForDeploymentPostprocessing = 0;
		};
/* End PBXSourcesBuildPhase section */

/* Begin PBXTargetDependency section */
		AF1DE3C51AB0F68500452ED0 /* PBXTargetDependency */ = {
			isa = PBXTargetDependency;
			target = AF1DE3A91AB0F68500452ED0 /* ToDoList */;
			targetProxy = AF1DE3C41AB0F68500452ED0 /* PBXContainerItemProxy */;
		};
/* End PBXTargetDependency section */

/* Begin PBXVariantGroup section */
		AF1DE3B71AB0F68500452ED0 /* Main.storyboard */ = {
			isa = PBXVariantGroup;
			children = (
				AF1DE3B81AB0F68500452ED0 /* Base */,
			);
			name = Main.storyboard;
			sourceTree = "<group>";
		};
		AF1DE3BC1AB0F68500452ED0 /* LaunchScreen.xib */ = {
			isa = PBXVariantGroup;
			children = (
				AF1DE3BD1AB0F68500452ED0 /* Base */,
			);
			name = LaunchScreen.xib;
			sourceTree = "<group>";
		};
/* End PBXVariantGroup section */

/* Begin XCBuildConfiguration section */
		AF1DE3CB1AB0F68500452ED0 /* Debug */ = {
			isa = XCBuildConfiguration;
			buildSettings = {
				ALWAYS_SEARCH_USER_PATHS = NO;
				CLANG_CXX_LANGUAGE_STANDARD = "gnu++0x";
				CLANG_CXX_LIBRARY = "libc++";
				CLANG_ENABLE_MODULES = YES;
				CLANG_ENABLE_OBJC_ARC = YES;
				CLANG_WARN_BOOL_CONVERSION = YES;
				CLANG_WARN_CONSTANT_CONVERSION = YES;
				CLANG_WARN_DIRECT_OBJC_ISA_USAGE = YES_ERROR;
				CLANG_WARN_EMPTY_BODY = YES;
				CLANG_WARN_ENUM_CONVERSION = YES;
				CLANG_WARN_INT_CONVERSION = YES;
				CLANG_WARN_OBJC_ROOT_CLASS = YES_ERROR;
				CLANG_WARN_UNREACHABLE_CODE = YES;
				CLANG_WARN__DUPLICATE_METHOD_MATCH = YES;
				"CODE_SIGN_IDENTITY[sdk=iphoneos*]" = "iPhone Developer";
				COPY_PHASE_STRIP = NO;
				ENABLE_STRICT_OBJC_MSGSEND = YES;
				GCC_C_LANGUAGE_STANDARD = gnu99;
				GCC_DYNAMIC_NO_PIC = NO;
				GCC_OPTIMIZATION_LEVEL = 0;
				GCC_PREPROCESSOR_DEFINITIONS = (
					"DEBUG=1",
					"$(inherited)",
				);
				GCC_SYMBOLS_PRIVATE_EXTERN = NO;
				GCC_WARN_64_TO_32_BIT_CONVERSION = YES;
				GCC_WARN_ABOUT_RETURN_TYPE = YES_ERROR;
				GCC_WARN_UNDECLARED_SELECTOR = YES;
				GCC_WARN_UNINITIALIZED_AUTOS = YES_AGGRESSIVE;
				GCC_WARN_UNUSED_FUNCTION = YES;
				GCC_WARN_UNUSED_VARIABLE = YES;
				IPHONEOS_DEPLOYMENT_TARGET = 8.2;
				MTL_ENABLE_DEBUG_INFO = YES;
				ONLY_ACTIVE_ARCH = YES;
				SDKROOT = iphoneos;
				TARGETED_DEVICE_FAMILY = "1,2";
			};
			name = Debug;
		};
		AF1DE3CC1AB0F68500452ED0 /* Release */ = {
			isa = XCBuildConfiguration;
			buildSettings = {
				ALWAYS_SEARCH_USER_PATHS = NO;
				CLANG_CXX_LANGUAGE_STANDARD = "gnu++0x";
				CLANG_CXX_LIBRARY = "libc++";
				CLANG_ENABLE_MODULES = YES;
				CLANG_ENABLE_OBJC_ARC = YES;
				CLANG_WARN_BOOL_CONVERSION = YES;
				CLANG_WARN_CONSTANT_CONVERSION = YES;
				CLANG_WARN_DIRECT_OBJC_ISA_USAGE = YES_ERROR;
				CLANG_WARN_EMPTY_BODY = YES;
				CLANG_WARN_ENUM_CONVERSION = YES;
				CLANG_WARN_INT_CONVERSION = YES;
				CLANG_WARN_OBJC_ROOT_CLASS = YES_ERROR;
				CLANG_WARN_UNREACHABLE_CODE = YES;
				CLANG_WARN__DUPLICATE_METHOD_MATCH = YES;
				"CODE_SIGN_IDENTITY[sdk=iphoneos*]" = "iPhone Developer";
				COPY_PHASE_STRIP = NO;
				ENABLE_NS_ASSERTIONS = NO;
				ENABLE_STRICT_OBJC_MSGSEND = YES;
				GCC_C_LANGUAGE_STANDARD = gnu99;
				GCC_WARN_64_TO_32_BIT_CONVERSION = YES;
				GCC_WARN_ABOUT_RETURN_TYPE = YES_ERROR;
				GCC_WARN_UNDECLARED_SELECTOR = YES;
				GCC_WARN_UNINITIALIZED_AUTOS = YES_AGGRESSIVE;
				GCC_WARN_UNUSED_FUNCTION = YES;
				GCC_WARN_UNUSED_VARIABLE = YES;
				IPHONEOS_DEPLOYMENT_TARGET = 8.2;
				MTL_ENABLE_DEBUG_INFO = NO;
				SDKROOT = iphoneos;
				TARGETED_DEVICE_FAMILY = "1,2";
				VALIDATE_PRODUCT = YES;
			};
			name = Release;
		};
		AF1DE3CE1AB0F68500452ED0 /* Debug */ = {
			isa = XCBuildConfiguration;
			buildSettings = {
				ASSETCATALOG_COMPILER_APPICON_NAME = AppIcon;
				INFOPLIST_FILE = ToDoList/Info.plist;
				LD_RUNPATH_SEARCH_PATHS = "$(inherited) @executable_path/Frameworks";
				PRODUCT_NAME = "$(TARGET_NAME)";
			};
			name = Debug;
		};
		AF1DE3CF1AB0F68500452ED0 /* Release */ = {
			isa = XCBuildConfiguration;
			buildSettings = {
				ASSETCATALOG_COMPILER_APPICON_NAME = AppIcon;
				INFOPLIST_FILE = ToDoList/Info.plist;
				LD_RUNPATH_SEARCH_PATHS = "$(inherited) @executable_path/Frameworks";
				PRODUCT_NAME = "$(TARGET_NAME)";
			};
			name = Release;
		};
		AF1DE3D11AB0F68500452ED0 /* Debug */ = {
			isa = XCBuildConfiguration;
			buildSettings = {
				BUNDLE_LOADER = "$(TEST_HOST)";
				FRAMEWORK_SEARCH_PATHS = (
					"$(SDKROOT)/Developer/Library/Frameworks",
					"$(inherited)",
				);
				GCC_PREPROCESSOR_DEFINITIONS = (
					"DEBUG=1",
					"$(inherited)",
				);
				INFOPLIST_FILE = ToDoListTests/Info.plist;
				LD_RUNPATH_SEARCH_PATHS = "$(inherited) @executable_path/Frameworks @loader_path/Frameworks";
				PRODUCT_NAME = "$(TARGET_NAME)";
				TEST_HOST = "$(BUILT_PRODUCTS_DIR)/ToDoList.app/ToDoList";
			};
			name = Debug;
		};
		AF1DE3D21AB0F68500452ED0 /* Release */ = {
			isa = XCBuildConfiguration;
			buildSettings = {
				BUNDLE_LOADER = "$(TEST_HOST)";
				FRAMEWORK_SEARCH_PATHS = (
					"$(SDKROOT)/Developer/Library/Frameworks",
					"$(inherited)",
				);
				INFOPLIST_FILE = ToDoListTests/Info.plist;
				LD_RUNPATH_SEARCH_PATHS = "$(inherited) @executable_path/Frameworks @loader_path/Frameworks";
				PRODUCT_NAME = "$(TARGET_NAME)";
				TEST_HOST = "$(BUILT_PRODUCTS_DIR)/ToDoList.app/ToDoList";
			};
			name = Release;
		};
/* End XCBuildConfiguration section */

/* Begin XCConfigurationList section */
		AF1DE3A51AB0F68500452ED0 /* Build configuration list for PBXProject "ToDoList" */ = {
			isa = XCConfigurationList;
			buildConfigurations = (
				AF1DE3CB1AB0F68500452ED0 /* Debug */,
				AF1DE3CC1AB0F68500452ED0 /* Release */,
			);
			defaultConfigurationIsVisible = 0;
			defaultConfigurationName = Release;
		};
		AF1DE3CD1AB0F68500452ED0 /* Build configuration list for PBXNativeTarget "ToDoList" */ = {
			isa = XCConfigurationList;
			buildConfigurations = (
				AF1DE3CE1AB0F68500452ED0 /* Debug */,
				AF1DE3CF1AB0F68500452ED0 /* Release */,
			);
			defaultConfigurationIsVisible = 0;
			defaultConfigurationName = Release;
		};
		AF1DE3D01AB0F68500452ED0 /* Build configuration list for PBXNativeTarget "ToDoListTests" */ = {
			isa = XCConfigurationList;
			buildConfigurations = (
				AF1DE3D11AB0F68500452ED0 /* Debug */,
				AF1DE3D21AB0F68500452ED0 /* Release */,
			);
			defaultConfigurationIsVisible = 0;
			defaultConfigurationName = Release;
		};
/* End XCConfigurationList section */
	};
	rootObject = AF1DE3A21AB0F68500452ED0 /* Project object */;
}
